
Microsoft Visual Studio Solution File, Format Version 12.00
# Visual Studio Version 17
VisualStudioVersion = 17.0.32014.148
MinimumVisualStudioVersion = 10.0.40219.1
Project("{9A19103F-16F7-4668-BE54-9A1E7A4F7556}") = "wedding-frontend", "wedding-frontend\wedding-frontend.csproj", "{C9D36A2D-65C6-4A10-A0E1-0E9013C2A1EF}"
EndProject
Project("{9A19103F-16F7-4668-BE54-9A1E7A4F7556}") = "wedding-admin-cms", "wedding-admin-cms\wedding-admin-cms.csproj", "{CF86C728-795D-4AEB-A521-57797D11E98F}"
EndProject
Project("{2150E333-8FDC-42A3-9474-1A3956D46DE8}") = "Solution Items", "Solution Items", "{31AD69E2-02D2-4857-B6E4-75941F72BCAD}"
	ProjectSection(SolutionItems) = preProject
		..\.github\workflows\azure-webapps-frontend.yml = ..\.github\workflows\azure-webapps-frontend.yml
	EndProjectSection
EndProject
Project("{2150E333-8FDC-42A3-9474-1A3956D46DE8}") = "scripts", "scripts", "{BD3E3F13-B83B-43CA-AEDF-72428D859FA1}"
	ProjectSection(SolutionItems) = preProject
		..\scripts\azuredeploy.json = ..\scripts\azuredeploy.json
		..\scripts\azuredeploy.parameters.json = ..\scripts\azuredeploy.parameters.json
		..\scripts\create-wedding-env.sh = ..\scripts\create-wedding-env.sh
	EndProjectSection
EndProject
Global
	GlobalSection(SolutionConfigurationPlatforms) = preSolution
		Debug|Any CPU = Debug|Any CPU
		Release|Any CPU = Release|Any CPU
	EndGlobalSection
	GlobalSection(ProjectConfigurationPlatforms) = postSolution
		{C9D36A2D-65C6-4A10-A0E1-0E9013C2A1EF}.Debug|Any CPU.ActiveCfg = Debug|Any CPU
		{C9D36A2D-65C6-4A10-A0E1-0E9013C2A1EF}.Debug|Any CPU.Build.0 = Debug|Any CPU
		{C9D36A2D-65C6-4A10-A0E1-0E9013C2A1EF}.Release|Any CPU.ActiveCfg = Release|Any CPU
		{C9D36A2D-65C6-4A10-A0E1-0E9013C2A1EF}.Release|Any CPU.Build.0 = Release|Any CPU
		{CF86C728-795D-4AEB-A521-57797D11E98F}.Debug|Any CPU.ActiveCfg = Debug|Any CPU
		{CF86C728-795D-4AEB-A521-57797D11E98F}.Debug|Any CPU.Build.0 = Debug|Any CPU
		{CF86C728-795D-4AEB-A521-57797D11E98F}.Release|Any CPU.ActiveCfg = Release|Any CPU
		{CF86C728-795D-4AEB-A521-57797D11E98F}.Release|Any CPU.Build.0 = Release|Any CPU
	EndGlobalSection
	GlobalSection(SolutionProperties) = preSolution
		HideSolutionNode = FALSE
	EndGlobalSection
	GlobalSection(NestedProjects) = preSolution
		{BD3E3F13-B83B-43CA-AEDF-72428D859FA1} = {31AD69E2-02D2-4857-B6E4-75941F72BCAD}
	EndGlobalSection
	GlobalSection(ExtensibilityGlobals) = postSolution
		SolutionGuid = {CDCAA9BD-6A1D-4698-9BF7-7943B6AB2CB3}
	EndGlobalSection
EndGlobal
